
Microsoft Visual Studio Solution File, Format Version 12.00
# Visual Studio Version 17
VisualStudioVersion = 17.3.32611.2
MinimumVisualStudioVersion = 10.0.40219.1
Project("{FAE04EC0-301F-11D3-BF4B-00C04F79EFBC}") = "TestServer", "TestServer\TestServer.csproj", "{934D042C-0CA7-4C58-B5ED-1C0D13F2AA29}"
EndProject
Global
	GlobalSection(SolutionConfigurationPlatforms) = preSolution
		Debug|Any CPU = Debug|Any CPU
		Release|Any CPU = Release|Any CPU
	EndGlobalSection
	GlobalSection(ProjectConfigurationPlatforms) = postSolution
		{934D042C-0CA7-4C58-B5ED-1C0D13F2AA29}.Debug|Any CPU.ActiveCfg = Debug|Any CPU
		{934D042C-0CA7-4C58-B5ED-1C0D13F2AA29}.Debug|Any CPU.Build.0 = Debug|Any CPU
		{934D042C-0CA7-4C58-B5ED-1C0D13F2AA29}.Release|Any CPU.ActiveCfg = Release|Any CPU
		{934D042C-0CA7-4C58-B5ED-1C0D13F2AA29}.Release|Any CPU.Build.0 = Release|Any CPU
	EndGlobalSection
	GlobalSection(SolutionProperties) = preSolution
		HideSolutionNode = FALSE
	EndGlobalSection
	GlobalSection(ExtensibilityGlobals) = postSolution
		SolutionGuid = {65F046FE-9DA4-4B71-930E-C4F060FC7F88}
	EndGlobalSection
EndGlobal
