{
  "version": 1,
  "dependencies": {
    "net9.0": {
      "Grpc.AspNetCore": {
        "type": "Direct",
        "requested": "[2.67.0, )",
        "resolved": "2.67.0",
        "contentHash": "WjC3+Ri748j6IHYY73zwRPzJV0WFN97h9IkXrgcghk0WAgewDr03uUJzaSMC+qW1O7PcQNdUg3Pfb+73v0pxIQ==",
        "dependencies": {
          "Google.Protobuf": "3.27.0",
          "Grpc.AspNetCore.Server.ClientFactory": "2.67.0",
          "Grpc.Tools": "2.67.0"
        }
      },
      "IP2Region.Net": {
        "type": "Direct",
        "requested": "[2.0.2, )",
        "resolved": "2.0.2",
        "contentHash": "vkxITIPkUdju0+vPm9FYU4+sBvvOkoM7GvPw8R81RYlbkKDwKAkO9P4vZvzeRJEC8SrYtMLcsDJizx+e/JnRmA=="
      },
      "Microsoft.AspNetCore.OpenApi": {
        "type": "Direct",
        "requested": "[9.0.1, )",
        "resolved": "9.0.1",
        "contentHash": "xRJe8UrLnOGs6hOBrT/4r74q97626H0mABb/DV0smlReIx6uQCENAe+TUqF6hD3NtT4sB+qrvWhAej6kxPxgew==",
        "dependencies": {
          "Microsoft.OpenApi": "1.6.17"
        }
      },
      "OpenTelemetry.Exporter.Console": {
        "type": "Direct",
        "requested": "[1.11.1, )",
        "resolved": "1.11.1",
        "contentHash": "UzhxozZG2/OdPltkF9X0Xivh0tcEMjjCjaMpB8YVkTtdGDMTLnw4b9i8QaB5SRkOWwezO6jEXCQRHObJik528Q==",
        "dependencies": {
          "OpenTelemetry": "1.11.1"
        }
      },
      "OpenTelemetry.Exporter.OpenTelemetryProtocol": {
        "type": "Direct",
        "requested": "[1.11.1, )",
        "resolved": "1.11.1",
        "contentHash": "UiZBa+2b396Oxx9RX7h4ch+yZvX8nezxVkihPLU6zdEUfJbbVY2mNypJKEoW2Vh4xCaCp0fB6na3Kti+KfTVaw==",
        "dependencies": {
          "OpenTelemetry": "1.11.1"
        }
      },
      "OpenTelemetry.Exporter.Prometheus.AspNetCore": {
        "type": "Direct",
        "requested": "[1.9.0-beta.2, )",
        "resolved": "1.9.0-beta.2",
        "contentHash": "JZXcHp2MkV/as8aLyJDapWkSNLhaQUWNnG1u2oOssq8Sg8217cX8D782sNJSzb7UfhzscR8pbzv6RZTsmPcHVw==",
        "dependencies": {
          "OpenTelemetry": "[1.9.0, 2.0.0)"
        }
      },
      "OpenTelemetry.Exporter.Zipkin": {
        "type": "Direct",
        "requested": "[1.11.1, )",
        "resolved": "1.11.1",
        "contentHash": "iu2GpdZXmTTNmlH+q6sfb25GZx22rh0E8QpBJSIxGHzp7Yfcdq2nkJ/nn5awgjCxzi2nffKVlSyQHj2gctj9Cg==",
        "dependencies": {
          "OpenTelemetry": "1.11.1"
        }
      },
      "OpenTelemetry.Extensions.Hosting": {
        "type": "Direct",
        "requested": "[1.11.1, )",
        "resolved": "1.11.1",
        "contentHash": "D+Mh70aLi++rJALVkrkEMW2mCafCfWC62f55nknVclWaH1Fckv8l06mwYKw8zxB5CfzA0jVj3nKCbSW2fWVY5g==",
        "dependencies": {
          "Microsoft.Extensions.Hosting.Abstractions": "9.0.0",
          "OpenTelemetry": "1.11.1"
        }
      },
      "OpenTelemetry.Instrumentation.AspNetCore": {
        "type": "Direct",
        "requested": "[1.11.0, )",
        "resolved": "1.11.0",
        "contentHash": "pBTdlyIGZVfYyB9yizO393RyQgJk+4ViGt+vQb9JI3Qwk9LW6mXreL1oUfVqHCbbSJp2vyMacYxXVBSvtZiBXg==",
        "dependencies": {
          "OpenTelemetry.Api.ProviderBuilderExtensions": "[1.11.1, 2.0.0)"
        }
      },
      "OpenTelemetry.Instrumentation.EventCounters": {
        "type": "Direct",
        "requested": "[1.5.1-alpha.1, )",
        "resolved": "1.5.1-alpha.1",
        "contentHash": "TQAqysCR9rnqszDRmx/8FiFSJj10VAMHW6rvHv/22WZRbqlSHK+qbMOFlBaA6kZPXHofrX6fgTJq9DphPYC+hA==",
        "dependencies": {
          "OpenTelemetry.Api": "[1.5.1, 2.0.0)"
        }
      },
      "OpenTelemetry.Instrumentation.GrpcNetClient": {
        "type": "Direct",
        "requested": "[1.9.0-beta.1, )",
        "resolved": "1.9.0-beta.1",
        "contentHash": "IpbOSb3WldFwEEauoKBjKx5aADoPPVjg+oTmyp3/YQvvJL6sC8Meuxbw//VmuShZ+TJgSAdVPvUdFj983z8ltw==",
        "dependencies": {
          "OpenTelemetry": "[1.9.0, 2.0.0)"
        }
      },
      "OpenTelemetry.Instrumentation.Http": {
        "type": "Direct",
        "requested": "[1.11.0, )",
        "resolved": "1.11.0",
        "contentHash": "1ncYPNmMaYNPX664uo3FlmSVGETBKQbBvarbGgB5ZynERTFmCsZ7UqefvVe3vnPYOIAGOjbMAbprYF2BfMielg==",
        "dependencies": {
          "Microsoft.Extensions.Configuration": "9.0.0",
          "Microsoft.Extensions.Options": "9.0.0",
          "OpenTelemetry.Api.ProviderBuilderExtensions": "[1.11.1, 2.0.0)"
        }
      },
      "OpenTelemetry.Instrumentation.Process": {
        "type": "Direct",
        "requested": "[0.5.0-beta.6, )",
        "resolved": "0.5.0-beta.6",
        "contentHash": "mRYkk5H3/cM4fSwhF02PCAo8XtE0Ezn2NWn0KorJlREWvBJXe1lGt7jL1foC9lnfoUULieU7iCudSZTVA9kHqQ==",
        "dependencies": {
          "OpenTelemetry.Api": "[1.9.0, 2.0.0)"
        }
      },
      "OpenTelemetry.Instrumentation.Quartz": {
        "type": "Direct",
        "requested": "[1.0.0-beta.3, )",
        "resolved": "1.0.0-beta.3",
        "contentHash": "S/F4QNOBLt5i2eU3d+oHsBRucpjZz7dwcMeWS+5kwBPLtub8GpYcEm+FuUzNBSrzH315hHhuAfYI2klKoFmQLQ==",
        "dependencies": {
          "OpenTelemetry.Api": "[1.9.0, 2.0.0)"
        }
      },
      "OpenTelemetry.Instrumentation.Runtime": {
        "type": "Direct",
        "requested": "[1.11.0, )",
        "resolved": "1.11.0",
        "contentHash": "M8OgwhCQ9EWxM/JAHtxgiEIrCgR+HJWwA3aqrYHAL/HjbGdHkgs4XWbVLTqgOVCY/4W8Tau7FCWm7WEOzsU1cg==",
        "dependencies": {
          "OpenTelemetry.Api": "[1.11.1, 2.0.0)"
        }
      },
      "Pyroscope.OpenTelemetry": {
        "type": "Direct",
        "requested": "[0.2.0, )",
        "resolved": "0.2.0",
        "contentHash": "l7TjHhJ/+oqO4S1kn61fz3slcl04gmRDaCkE2vP4zkinKOzny5JklFKQlG4NP9ikS1But2ttndVBHBUll3rinA==",
        "dependencies": {
          "OpenTelemetry": "1.8.0",
          "Pyroscope": "0.8.14"
        }
      },
      "Scalar.AspNetCore": {
        "type": "Direct",
        "requested": "[2.0.12, )",
        "resolved": "2.0.12",
        "contentHash": "kMunSAka+sqUakPLVxpXN/3FtvbAbm4zAbAAlC/8ODZpB6eZQaIl0G4Ynsx6HLn47lfiVIqP1ne69Dn/LdjQ0g=="
      },
      "Serilog.AspNetCore": {
        "type": "Direct",
        "requested": "[9.0.0, )",
        "resolved": "9.0.0",
        "contentHash": "JslDajPlBsn3Pww1554flJFTqROvK9zz9jONNQgn0D8Lx2Trw8L0A8/n6zEQK1DAZWXrJwiVLw8cnTR3YFuYsg==",
        "dependencies": {
          "Serilog": "4.2.0",
          "Serilog.Extensions.Hosting": "9.0.0",
          "Serilog.Formatting.Compact": "3.0.0",
          "Serilog.Settings.Configuration": "9.0.0",
          "Serilog.Sinks.Console": "6.0.0",
          "Serilog.Sinks.Debug": "3.0.0",
          "Serilog.Sinks.File": "6.0.0"
        }
      },
      "Serilog.Enrichers.Environment": {
        "type": "Direct",
        "requested": "[3.0.1, )",
        "resolved": "3.0.1",
        "contentHash": "9BqCE4C9FF+/rJb/CsQwe7oVf44xqkOvMwX//CUxvUR25lFL4tSS6iuxE5eW07quby1BAyAEP+vM6TWsnT3iqw==",
        "dependencies": {
          "Serilog": "4.0.0"
        }
      },
      "Serilog.Enrichers.Thread": {
        "type": "Direct",
        "requested": "[4.0.0, )",
        "resolved": "4.0.0",
        "contentHash": "C7BK25a1rhUyr+Tp+1BYcVlBJq7M2VCHlIgnwoIUVJcicM9jYcvQK18+OeHiXw7uLPSjqWxJIp1EfaZ/RGmEwA==",
        "dependencies": {
          "Serilog": "4.0.0"
        }
      },
      "Serilog.Sinks.Async": {
        "type": "Direct",
        "requested": "[2.1.0, )",
        "resolved": "2.1.0",
        "contentHash": "SnmRknWsSMgyo9wDXeZZCqSp48kkQYy44taSM6vcpxfiRICzSf09oLKEmVr0RCwQnfd8mJQ2WNN6nvhqf0RowQ==",
        "dependencies": {
          "Serilog": "4.1.0"
        }
      },
      "Serilog.Sinks.OpenTelemetry": {
        "type": "Direct",
        "requested": "[4.1.1, )",
        "resolved": "4.1.1",
        "contentHash": "1WylKFYPSdWZoOAxCFeOWZ14eo4H4zm79m6UogAlIji4IJX9Da83jnsAi8VKrOTOVYxQ4g6+TQvp1zC3fPJDkA==",
        "dependencies": {
          "Google.Protobuf": "3.26.1",
          "Grpc.Net.Client": "2.62.0",
          "Serilog": "4.0.0"
        }
      },
      "ThisAssembly": {
        "type": "Direct",
        "requested": "[2.0.12, )",
        "resolved": "2.0.12",
        "contentHash": "jFoblxE4XLY38qagU0x3niK9rB/dOkTfIBU/OK+sRZB4lRRVceLz7op4jD+IbZYWqQvgXjdxHInJwkZlSVmKgg==",
        "dependencies": {
          "ThisAssembly.AssemblyInfo": "2.0.12",
          "ThisAssembly.Constants": "2.0.12",
          "ThisAssembly.Git": "2.0.12",
          "ThisAssembly.Metadata": "2.0.12",
          "ThisAssembly.Project": "2.0.12",
          "ThisAssembly.Resources": "2.0.12",
          "ThisAssembly.Strings": "2.0.12"
        }
      },
      "WebDav.Client": {
        "type": "Direct",
        "requested": "[2.8.0, )",
        "resolved": "2.8.0",
        "contentHash": "Q/DhQ7qVelCEUqd3fi75SjZEJibjLpvMlCJbR30YWF1fotFCVjyVIv7oIHUWtyXVUhBoYvn1ATgWc7UA7e1/iQ=="
      },
      "Google.Protobuf": {
        "type": "Transitive",
        "resolved": "3.27.0",
        "contentHash": "tEaKpc+SP7I3gYW9AHozESyKkrCg8Xe7huI3Q3iUt5t8Dn29r2k1u8jyrGrD16maj/0UsQBM0MDViWEj0iynOA=="
      },
      "Grpc.AspNetCore.Server": {
        "type": "Transitive",
        "resolved": "2.67.0",
        "contentHash": "CDWB7GLhi4XN2Luw7gDbZQhGaMuMb9yDDwbBc9MMfmXFJvzALEK1hsbBaILzd8uDmX9E5VPMcqQ4mQyHvQ2HmA==",
        "dependencies": {
          "Grpc.Net.Common": "2.67.0"
        }
      },
      "Grpc.AspNetCore.Server.ClientFactory": {
        "type": "Transitive",
        "resolved": "2.67.0",
        "contentHash": "O5qaBd7T8yph5JHikA3lafYqsn+2QPM7Dwk0e/7HniiM4cIHpfdiBX5TSy/+5IIppZ27QeLYFgftK7QsG9uIkQ==",
        "dependencies": {
          "Grpc.AspNetCore.Server": "2.67.0",
          "Grpc.Net.ClientFactory": "2.67.0"
        }
      },
      "Grpc.Core.Api": {
        "type": "Transitive",
        "resolved": "2.67.0",
        "contentHash": "cL1/2f8kc8lsAGNdfCU25deedXVehhLA6GXKLLN4hAWx16XN7BmjYn3gFU+FBpir5yJynvDTHEypr3Tl0j7x/Q=="
      },
      "Grpc.Net.Client": {
        "type": "Transitive",
        "resolved": "2.67.0",
        "contentHash": "ofTjJQfegWkVlk5R4k/LlwpcucpsBzntygd4iAeuKd/eLMkmBWoXN+xcjYJ5IibAahRpIJU461jABZvT6E9dwA==",
        "dependencies": {
          "Grpc.Net.Common": "2.67.0",
          "Microsoft.Extensions.Logging.Abstractions": "6.0.0"
        }
      },
      "Grpc.Net.ClientFactory": {
        "type": "Transitive",
        "resolved": "2.67.0",
        "contentHash": "owkRL6j8ZXvLnn8SsFGCRiWoe/2wGv+u+TASAylzUtGbHLnw7IiFRoeTs0IgpCNTETvlMLVb0gHDiLGo+mJZ6g==",
        "dependencies": {
          "Grpc.Net.Client": "2.67.0",
          "Microsoft.Extensions.Http": "6.0.0"
        }
      },
      "Grpc.Net.Common": {
        "type": "Transitive",
        "resolved": "2.67.0",
        "contentHash": "gazn1cD2Eol0/W5ZJRV4PYbNrxJ9oMs8pGYux5S9E4MymClvl7aqYSmpqgmWAUWvziRqK9K+yt3cjCMfQ3x/5A==",
        "dependencies": {
          "Grpc.Core.Api": "2.67.0"
        }
      },
      "Grpc.Tools": {
        "type": "Transitive",
        "resolved": "2.67.0",
        "contentHash": "AQwGGe1dhCWlO72dTW4XtZBsvE9+mHt5rUpVOPjX9Q6sYZZ0GFyqs+7DjFeulaHKjsOg7Wteob1oq7a++SJWgA=="
      },
      "Microsoft.CSharp": {
        "type": "Transitive",
        "resolved": "4.7.0",
        "contentHash": "pTj+D3uJWyN3My70i2Hqo+OXixq3Os2D1nJ2x92FFo6sk8fYS1m1WLNTs0Dc1uPaViH0YvEEwvzddQ7y4rhXmA=="
      },
      "Microsoft.Extensions.Configuration": {
        "type": "Transitive",
        "resolved": "9.0.0",
        "contentHash": "YIMO9T3JL8MeEXgVozKt2v79hquo/EFtnY0vgxmLnUvk1Rei/halI7kOWZL2RBeV9FMGzgM9LZA8CVaNwFMaNA==",
        "dependencies": {
          "Microsoft.Extensions.Configuration.Abstractions": "9.0.0",
          "Microsoft.Extensions.Primitives": "9.0.0"
        }
      },
      "Microsoft.Extensions.Configuration.Abstractions": {
        "type": "Transitive",
        "resolved": "9.0.0",
        "contentHash": "lqvd7W3FGKUO1+ZoUEMaZ5XDJeWvjpy2/M/ptCGz3tXLD4HWVaSzjufsAsjemasBEg+2SxXVtYVvGt5r2nKDlg==",
        "dependencies": {
          "Microsoft.Extensions.Primitives": "9.0.0"
        }
      },
      "Microsoft.Extensions.Configuration.Binder": {
        "type": "Transitive",
        "resolved": "9.0.0",
        "contentHash": "RiScL99DcyngY9zJA2ROrri7Br8tn5N4hP4YNvGdTN/bvg1A3dwvDOxHnNZ3Im7x2SJ5i4LkX1uPiR/MfSFBLQ==",
        "dependencies": {
          "Microsoft.Extensions.Configuration.Abstractions": "9.0.0"
        }
      },
      "Microsoft.Extensions.DependencyInjection": {
        "type": "Transitive",
        "resolved": "9.0.0",
        "contentHash": "MCPrg7v3QgNMr0vX4vzRXvkNGgLg8vKWX0nKCWUxu2uPyMsaRgiRc1tHBnbTcfJMhMKj2slE/j2M9oGkd25DNw==",
        "dependencies": {
          "Microsoft.Extensions.DependencyInjection.Abstractions": "9.0.0"
        }
      },
      "Microsoft.Extensions.DependencyInjection.Abstractions": {
        "type": "Transitive",
        "resolved": "9.0.0",
        "contentHash": "+6f2qv2a3dLwd5w6JanPIPs47CxRbnk+ZocMJUhv9NxP88VlOcJYZs9jY+MYSjxvady08bUZn6qgiNh7DadGgg=="
      },
      "Microsoft.Extensions.DependencyModel": {
        "type": "Transitive",
        "resolved": "9.0.0",
        "contentHash": "saxr2XzwgDU77LaQfYFXmddEDRUKHF4DaGMZkNB3qjdVSZlax3//dGJagJkKrGMIPNZs2jVFXITyCCR6UHJNdA=="
      },
      "Microsoft.Extensions.Diagnostics.Abstractions": {
        "type": "Transitive",
        "resolved": "9.0.0",
        "contentHash": "1K8P7XzuzX8W8pmXcZjcrqS6x5eSSdvhQohmcpgiQNY/HlDAlnrhR9dvlURfFz428A+RTCJpUyB+aKTA6AgVcQ==",
        "dependencies": {
          "Microsoft.Extensions.DependencyInjection.Abstractions": "9.0.0",
          "Microsoft.Extensions.Options": "9.0.0"
        }
      },
      "Microsoft.Extensions.FileProviders.Abstractions": {
        "type": "Transitive",
        "resolved": "9.0.0",
        "contentHash": "uK439QzYR0q2emLVtYzwyK3x+T5bTY4yWsd/k/ZUS9LR6Sflp8MIdhGXW8kQCd86dQD4tLqvcbLkku8qHY263Q==",
        "dependencies": {
          "Microsoft.Extensions.Primitives": "9.0.0"
        }
      },
      "Microsoft.Extensions.Hosting.Abstractions": {
        "type": "Transitive",
        "resolved": "9.0.0",
        "contentHash": "yUKJgu81ExjvqbNWqZKshBbLntZMbMVz/P7Way2SBx7bMqA08Mfdc9O7hWDKAiSp+zPUGT6LKcSCQIPeDK+CCw==",
        "dependencies": {
          "Microsoft.Extensions.Configuration.Abstractions": "9.0.0",
          "Microsoft.Extensions.DependencyInjection.Abstractions": "9.0.0",
          "Microsoft.Extensions.Diagnostics.Abstractions": "9.0.0",
          "Microsoft.Extensions.FileProviders.Abstractions": "9.0.0",
          "Microsoft.Extensions.Logging.Abstractions": "9.0.0"
        }
      },
      "Microsoft.Extensions.Http": {
        "type": "Transitive",
        "resolved": "6.0.0",
        "contentHash": "15+pa2G0bAMHbHewaQIdr/y6ag2H3yh4rd9hTXavtWDzQBkvpe2RMqFg8BxDpcQWssmjmBApGPcw93QRz6YcMg==",
        "dependencies": {
          "Microsoft.Extensions.DependencyInjection.Abstractions": "6.0.0",
          "Microsoft.Extensions.Logging": "6.0.0",
          "Microsoft.Extensions.Logging.Abstractions": "6.0.0",
          "Microsoft.Extensions.Options": "6.0.0"
        }
      },
      "Microsoft.Extensions.Logging": {
        "type": "Transitive",
        "resolved": "9.0.0",
        "contentHash": "crjWyORoug0kK7RSNJBTeSE6VX8IQgLf3nUpTB9m62bPXp/tzbnOsnbe8TXEG0AASNaKZddnpHKw7fET8E++Pg==",
        "dependencies": {
          "Microsoft.Extensions.DependencyInjection": "9.0.0",
          "Microsoft.Extensions.Logging.Abstractions": "9.0.0",
          "Microsoft.Extensions.Options": "9.0.0"
        }
      },
      "Microsoft.Extensions.Logging.Abstractions": {
        "type": "Transitive",
        "resolved": "9.0.0",
        "contentHash": "g0UfujELzlLbHoVG8kPKVBaW470Ewi+jnptGS9KUi6jcb+k2StujtK3m26DFSGGwQ/+bVgZfsWqNzlP6YOejvw==",
        "dependencies": {
          "Microsoft.Extensions.DependencyInjection.Abstractions": "9.0.0"
        }
      },
      "Microsoft.Extensions.Logging.Configuration": {
        "type": "Transitive",
        "resolved": "9.0.0",
        "contentHash": "H05HiqaNmg6GjH34ocYE9Wm1twm3Oz2aXZko8GTwGBzM7op2brpAA8pJ5yyD1OpS1mXUtModBYOlcZ/wXeWsSg==",
        "dependencies": {
          "Microsoft.Extensions.Configuration": "9.0.0",
          "Microsoft.Extensions.Configuration.Abstractions": "9.0.0",
          "Microsoft.Extensions.Configuration.Binder": "9.0.0",
          "Microsoft.Extensions.DependencyInjection.Abstractions": "9.0.0",
          "Microsoft.Extensions.Logging": "9.0.0",
          "Microsoft.Extensions.Logging.Abstractions": "9.0.0",
          "Microsoft.Extensions.Options": "9.0.0",
          "Microsoft.Extensions.Options.ConfigurationExtensions": "9.0.0"
        }
      },
      "Microsoft.Extensions.Options": {
        "type": "Transitive",
        "resolved": "9.0.0",
        "contentHash": "y2146b3jrPI3Q0lokKXdKLpmXqakYbDIPDV6r3M8SqvSf45WwOTzkyfDpxnZXJsJQEpAsAqjUq5Pu8RCJMjubg==",
        "dependencies": {
          "Microsoft.Extensions.DependencyInjection.Abstractions": "9.0.0",
          "Microsoft.Extensions.Primitives": "9.0.0"
        }
      },
      "Microsoft.Extensions.Options.ConfigurationExtensions": {
        "type": "Transitive",
        "resolved": "9.0.0",
        "contentHash": "Ob3FXsXkcSMQmGZi7qP07EQ39kZpSBlTcAZLbJLdI4FIf0Jug8biv2HTavWmnTirchctPlq9bl/26CXtQRguzA==",
        "dependencies": {
          "Microsoft.Extensions.Configuration.Abstractions": "9.0.0",
          "Microsoft.Extensions.Configuration.Binder": "9.0.0",
          "Microsoft.Extensions.DependencyInjection.Abstractions": "9.0.0",
          "Microsoft.Extensions.Options": "9.0.0",
          "Microsoft.Extensions.Primitives": "9.0.0"
        }
      },
      "Microsoft.Extensions.Primitives": {
        "type": "Transitive",
        "resolved": "9.0.0",
        "contentHash": "N3qEBzmLMYiASUlKxxFIISP4AiwuPTHF5uCh+2CWSwwzAJiIYx0kBJsS30cp1nvhSySFAVi30jecD307jV+8Kg=="
      },
      "Microsoft.OpenApi": {
        "type": "Transitive",
        "resolved": "1.6.17",
        "contentHash": "Le+kehlmrlQfuDFUt1zZ2dVwrhFQtKREdKBo+rexOwaCoYP0/qpgT9tLxCsZjsgR5Itk1UKPcbgO+FyaNid/bA=="
      },
      "OpenTelemetry": {
        "type": "Transitive",
        "resolved": "1.11.1",
        "contentHash": "F+HBI2bE7RKmb8Bj0kBtZIVzCfpTe1ZyY6kYP/jny1+9oq7IdBnNsVXZlPev9OqQzRp3iXpJ1UsnN1YOEwdtkQ==",
        "dependencies": {
          "Microsoft.Extensions.Diagnostics.Abstractions": "9.0.0",
          "Microsoft.Extensions.Logging.Configuration": "9.0.0",
          "OpenTelemetry.Api.ProviderBuilderExtensions": "1.11.1"
        }
      },
      "OpenTelemetry.Api": {
        "type": "Transitive",
        "resolved": "1.11.1",
        "contentHash": "KaBjGMqrqQv41mIkvPUvmAG7yxDlI6qchKhjXlOF3ZwsdcRRLrdrkiDLIJ90iZgUoKVdP8fE1fCri9nc+ug0Cg==",
        "dependencies": {
          "System.Diagnostics.DiagnosticSource": "9.0.0"
        }
      },
      "OpenTelemetry.Api.ProviderBuilderExtensions": {
        "type": "Transitive",
        "resolved": "1.11.1",
        "contentHash": "vMdNMQeW55jXIa/Kybec/br6jC+rWybniTi6DCW5lz1kGghKso+J+FC3uBgiq0/pTqusfeDbO5PEHGM/r5z8Ow==",
        "dependencies": {
          "Microsoft.Extensions.DependencyInjection.Abstractions": "9.0.0",
          "OpenTelemetry.Api": "1.11.1"
        }
      },
      "Pyroscope": {
        "type": "Transitive",
        "resolved": "0.8.14",
        "contentHash": "WW7N8rmtMgY8ka70yFKEf6vhzItq4AedD4LjBzPw6Hto9ZgHsvdT/PLeUx0QXq123ywe/PTqEOB3W5mjSFR7MQ=="
      },
      "Serilog": {
        "type": "Transitive",
        "resolved": "4.2.0",
        "contentHash": "gmoWVOvKgbME8TYR+gwMf7osROiWAURterc6Rt2dQyX7wtjZYpqFiA/pY6ztjGQKKV62GGCyOcmtP1UKMHgSmA=="
      },
      "Serilog.Extensions.Hosting": {
        "type": "Transitive",
        "resolved": "9.0.0",
        "contentHash": "u2TRxuxbjvTAldQn7uaAwePkWxTHIqlgjelekBtilAGL5sYyF3+65NWctN4UrwwGLsDC7c3Vz3HnOlu+PcoxXg==",
        "dependencies": {
          "Microsoft.Extensions.DependencyInjection.Abstractions": "9.0.0",
          "Microsoft.Extensions.Hosting.Abstractions": "9.0.0",
          "Microsoft.Extensions.Logging.Abstractions": "9.0.0",
          "Serilog": "4.2.0",
          "Serilog.Extensions.Logging": "9.0.0"
        }
      },
      "Serilog.Extensions.Logging": {
        "type": "Transitive",
        "resolved": "9.0.0",
        "contentHash": "NwSSYqPJeKNzl5AuXVHpGbr6PkZJFlNa14CdIebVjK3k/76kYj/mz5kiTRNVSsSaxM8kAIa1kpy/qyT9E4npRQ==",
        "dependencies": {
          "Microsoft.Extensions.Logging": "9.0.0",
          "Serilog": "4.2.0"
        }
      },
      "Serilog.Formatting.Compact": {
        "type": "Transitive",
        "resolved": "3.0.0",
        "contentHash": "wQsv14w9cqlfB5FX2MZpNsTawckN4a8dryuNGbebB/3Nh1pXnROHZov3swtu3Nj5oNG7Ba+xdu7Et/ulAUPanQ==",
        "dependencies": {
          "Serilog": "4.0.0"
        }
      },
      "Serilog.Settings.Configuration": {
        "type": "Transitive",
        "resolved": "9.0.0",
        "contentHash": "4/Et4Cqwa+F88l5SeFeNZ4c4Z6dEAIKbu3MaQb2Zz9F/g27T5a3wvfMcmCOaAiACjfUb4A6wrlTVfyYUZk3RRQ==",
        "dependencies": {
          "Microsoft.Extensions.Configuration.Binder": "9.0.0",
          "Microsoft.Extensions.DependencyModel": "9.0.0",
          "Serilog": "4.2.0"
        }
      },
      "Serilog.Sinks.Console": {
        "type": "Transitive",
        "resolved": "6.0.0",
        "contentHash": "fQGWqVMClCP2yEyTXPIinSr5c+CBGUvBybPxjAGcf7ctDhadFhrQw03Mv8rJ07/wR5PDfFjewf2LimvXCDzpbA==",
        "dependencies": {
          "Serilog": "4.0.0"
        }
      },
      "Serilog.Sinks.Debug": {
        "type": "Transitive",
        "resolved": "3.0.0",
        "contentHash": "4BzXcdrgRX7wde9PmHuYd9U6YqycCC28hhpKonK7hx0wb19eiuRj16fPcPSVp0o/Y1ipJuNLYQ00R3q2Zs8FDA==",
        "dependencies": {
          "Serilog": "4.0.0"
        }
      },
      "Serilog.Sinks.File": {
        "type": "Transitive",
        "resolved": "6.0.0",
        "contentHash": "lxjg89Y8gJMmFxVkbZ+qDgjl+T4yC5F7WSLTvA+5q0R04tfKVLRL/EHpYoJ/MEQd2EeCKDuylBIVnAYMotmh2A==",
        "dependencies": {
          "Serilog": "4.0.0"
        }
      },
      "System.Diagnostics.DiagnosticSource": {
        "type": "Transitive",
        "resolved": "9.0.0",
        "contentHash": "ddppcFpnbohLWdYKr/ZeLZHmmI+DXFgZ3Snq+/E7SwcdW4UnvxmaugkwGywvGVWkHPGCSZjCP+MLzu23AL5SDw=="
      },
      "System.Threading.Tasks.Extensions": {
        "type": "Transitive",
        "resolved": "4.5.4",
        "contentHash": "zteT+G8xuGu6mS+mzDzYXbzS7rd3K6Fjb9RiZlYlJPam2/hU7JCBZBVEcywNuR+oZ1ncTvc/cq0faRr3P01OVg=="
      },
      "ThisAssembly.AssemblyInfo": {
        "type": "Transitive",
        "resolved": "2.0.12",
        "contentHash": "3aDlrR2uxe5GbMaJBgpGoS/+4f5oQURZnKF75nPnf+gi9CBaOq4JkOeDGrUXqajn+lT+xG5hpmEvbiw8EZFFnA==",
        "dependencies": {
          "ThisAssembly.Constants": "2.0.12"
        }
      },
      "ThisAssembly.Constants": {
        "type": "Transitive",
        "resolved": "2.0.12",
        "contentHash": "FAOxFdTrOUeVmylbGGzaOCgAnCLAAeFJsOYEwmDoXg8i3OZWVedk9GWACW1StiqWByPrgT+9l3P7wgivvrfXFA==",
        "dependencies": {
          "Microsoft.CSharp": "4.7.0",
          "System.Threading.Tasks.Extensions": "4.5.4"
        }
      },
      "ThisAssembly.Git": {
        "type": "Transitive",
        "resolved": "2.0.12",
        "contentHash": "0QTintv95I8sEwvLg32LyUiz+57yl8dPG3+uni+VglOHXCKJj8bdFwt4ZWU6g3xqqJ8Kqv0csO463VGogUo4cg==",
        "dependencies": {
          "ThisAssembly.Constants": "2.0.12"
        }
      },
      "ThisAssembly.Metadata": {
        "type": "Transitive",
        "resolved": "2.0.12",
        "contentHash": "blsE0Z/JCJltIBqib07sW6Lk4QzeLrgJnUnXLGeiUduhz8KCltd7qjj0AeGhG++TylFGRuH20zgjyaeS0XVLLg==",
        "dependencies": {
          "ThisAssembly.Constants": "2.0.12"
        }
      },
      "ThisAssembly.Project": {
        "type": "Transitive",
        "resolved": "2.0.12",
        "contentHash": "AQWl8FtZ/2ew91VKjvJOYr8YDTOCfaiHSKMBg4wU9502L4iI8uhh27AUEluZDsG+jhRoolXB459sdaVWKIji8Q==",
        "dependencies": {
          "ThisAssembly.Constants": "2.0.12"
        }
      },
      "ThisAssembly.Resources": {
        "type": "Transitive",
        "resolved": "2.0.12",
        "contentHash": "Sz0E/ypNWco1r5HT7zGd7MBeSYBcCSKKF5XMus37pq0UfVxk375pXBgFRdyYCcZt4P75eWciDDDnT5oifYKlBQ==",
        "dependencies": {
          "Microsoft.CSharp": "4.7.0",
          "System.Threading.Tasks.Extensions": "4.5.4"
        }
      },
      "ThisAssembly.Strings": {
        "type": "Transitive",
        "resolved": "2.0.12",
        "contentHash": "kFa94H2wyrKRMtiVf2+1lzHDI4AZyQhO6z7VsT5LLlIeqa6fWHbPKwbF57MK9ZRLP83CDt4iOnG2thiwa8rRTw==",
        "dependencies": {
          "Microsoft.CSharp": "4.7.0",
          "System.Threading.Tasks.Extensions": "4.5.4"
        }
      }
    }
  }
}