{
  "version": 1,
  "dependencies": {
    "net9.0": {
      "Grpc.AspNetCore": {
        "type": "Direct",
        "requested": "[2.67.0, )",
        "resolved": "2.67.0",
        "contentHash": "WjC3+Ri748j6IHYY73zwRPzJV0WFN97h9IkXrgcghk0WAgewDr03uUJzaSMC+qW1O7PcQNdUg3Pfb+73v0pxIQ==",
        "dependencies": {
          "Google.Protobuf": "3.27.0",
          "Grpc.AspNetCore.Server.ClientFactory": "2.67.0",
          "Grpc.Tools": "2.67.0"
        }
      },
      "IP2Region.Net": {
        "type": "Direct",
        "requested": "[2.0.2, )",
        "resolved": "2.0.2",
        "contentHash": "vkxITIPkUdju0+vPm9FYU4+sBvvOkoM7GvPw8R81RYlbkKDwKAkO9P4vZvzeRJEC8SrYtMLcsDJizx+e/JnRmA=="
      },
      "Microsoft.AspNetCore.OpenApi": {
        "type": "Direct",
        "requested": "[9.0.0, )",
        "resolved": "9.0.0",
        "contentHash": "FqUK5j1EOPNuFT7IafltZQ3cakqhSwVzH5ZW1MhZDe4pPXs9sJ2M5jom1Omsu+mwF2tNKKlRAzLRHQTZzbd+6Q==",
        "dependencies": {
          "Microsoft.OpenApi": "1.6.17"
        }
      },
      "OpenTelemetry.Exporter.Console": {
        "type": "Direct",
        "requested": "[1.10.0, )",
        "resolved": "1.10.0",
        "contentHash": "fTW/6FiHjRW8zhomj8RGHRE773LNSFY7zG/Suf5y7wkxxTpRQFo6sI1HDPp/RjAP+7aXFEqOT0nwVnbfFrZEzQ==",
        "dependencies": {
          "OpenTelemetry": "1.10.0"
        }
      },
      "OpenTelemetry.Exporter.OpenTelemetryProtocol": {
        "type": "Direct",
        "requested": "[1.10.0, )",
        "resolved": "1.10.0",
        "contentHash": "kdSehZAg5Q1CJPoOFPmq4eLSsWOn/ETtP4hsGum6ymM3FgIhklXZEXB61u8WaVdJNkk050CGUgQjGRGCt5UEqQ==",
        "dependencies": {
          "Google.Protobuf": "[3.22.5, 4.0.0)",
          "Grpc.Net.Client": "[2.52.0, 3.0.0)",
          "OpenTelemetry": "1.10.0"
        }
      },
      "OpenTelemetry.Exporter.Prometheus.AspNetCore": {
        "type": "Direct",
        "requested": "[1.9.0-beta.2, )",
        "resolved": "1.9.0-beta.2",
        "contentHash": "JZXcHp2MkV/as8aLyJDapWkSNLhaQUWNnG1u2oOssq8Sg8217cX8D782sNJSzb7UfhzscR8pbzv6RZTsmPcHVw==",
        "dependencies": {
          "OpenTelemetry": "[1.9.0, 2.0.0)"
        }
      },
      "OpenTelemetry.Exporter.Zipkin": {
        "type": "Direct",
        "requested": "[1.10.0, )",
        "resolved": "1.10.0",
        "contentHash": "BtTEcKAQ/mhsP5uT/49cJctu+ksHf5e3UrSHsTEkPBuEVxexVakXebWLoDsRlQG/AHIgHwtGWFclu4LxQFOcVQ==",
        "dependencies": {
          "OpenTelemetry": "1.10.0"
        }
      },
      "OpenTelemetry.Extensions.Hosting": {
        "type": "Direct",
        "requested": "[1.10.0, )",
        "resolved": "1.10.0",
        "contentHash": "luLe3deRmThvJd8+Oav4ohg+S3DoXnxDx06+GBinAgmVi873C9YPzA0dJlXG1Zeh7uFajzMtLhskaDejQYCFWw==",
        "dependencies": {
          "Microsoft.Extensions.Hosting.Abstractions": "9.0.0",
          "OpenTelemetry": "1.10.0"
        }
      },
      "OpenTelemetry.Instrumentation.AspNetCore": {
        "type": "Direct",
        "requested": "[1.9.0, )",
        "resolved": "1.9.0",
        "contentHash": "x4HuWBw1rbWZUh5j8/GpXz3xa7JnrTuKne+ACmBqvcoO/rNGkG7HayRruwoQ7gf52xpMtRGr4gxlhLW8eU0EiQ==",
        "dependencies": {
          "OpenTelemetry.Api.ProviderBuilderExtensions": "[1.9.0, 2.0.0)"
        }
      },
      "OpenTelemetry.Instrumentation.EventCounters": {
        "type": "Direct",
        "requested": "[1.5.1-alpha.1, )",
        "resolved": "1.5.1-alpha.1",
        "contentHash": "TQAqysCR9rnqszDRmx/8FiFSJj10VAMHW6rvHv/22WZRbqlSHK+qbMOFlBaA6kZPXHofrX6fgTJq9DphPYC+hA==",
        "dependencies": {
          "OpenTelemetry.Api": "[1.5.1, 2.0.0)"
        }
      },
      "OpenTelemetry.Instrumentation.GrpcNetClient": {
        "type": "Direct",
        "requested": "[1.9.0-beta.1, )",
        "resolved": "1.9.0-beta.1",
        "contentHash": "IpbOSb3WldFwEEauoKBjKx5aADoPPVjg+oTmyp3/YQvvJL6sC8Meuxbw//VmuShZ+TJgSAdVPvUdFj983z8ltw==",
        "dependencies": {
          "OpenTelemetry": "[1.9.0, 2.0.0)"
        }
      },
      "OpenTelemetry.Instrumentation.Http": {
        "type": "Direct",
        "requested": "[1.10.0, )",
        "resolved": "1.10.0",
        "contentHash": "W6NtQ4BSJgMlCKJB6tHD2Y4v5h+1N48qp9l+BGa35G3+qU2tlqgitxg6Ruu7ijKwDsc10UAAovU4lAVyQTJ/1Q==",
        "dependencies": {
          "Microsoft.Extensions.Configuration": "9.0.0",
          "Microsoft.Extensions.Options": "9.0.0",
          "OpenTelemetry.Api.ProviderBuilderExtensions": "[1.10.0, 2.0.0)"
        }
      },
      "OpenTelemetry.Instrumentation.Process": {
        "type": "Direct",
        "requested": "[0.5.0-beta.6, )",
        "resolved": "0.5.0-beta.6",
        "contentHash": "mRYkk5H3/cM4fSwhF02PCAo8XtE0Ezn2NWn0KorJlREWvBJXe1lGt7jL1foC9lnfoUULieU7iCudSZTVA9kHqQ==",
        "dependencies": {
          "OpenTelemetry.Api": "[1.9.0, 2.0.0)"
        }
      },
      "OpenTelemetry.Instrumentation.Quartz": {
        "type": "Direct",
        "requested": "[1.0.0-beta.3, )",
        "resolved": "1.0.0-beta.3",
        "contentHash": "S/F4QNOBLt5i2eU3d+oHsBRucpjZz7dwcMeWS+5kwBPLtub8GpYcEm+FuUzNBSrzH315hHhuAfYI2klKoFmQLQ==",
        "dependencies": {
          "OpenTelemetry.Api": "[1.9.0, 2.0.0)"
        }
      },
      "OpenTelemetry.Instrumentation.Runtime": {
        "type": "Direct",
        "requested": "[1.9.0, )",
        "resolved": "1.9.0",
        "contentHash": "6raJb9Pvi1CaBB59SX86Mr9NQiQbiv9ialO+cQKFRGCq3Bl2WC8cTTcbfGtaRX0quqWnZC/dK7xrXuOuYcwANA==",
        "dependencies": {
          "OpenTelemetry.Api": "[1.9.0, 2.0.0)"
        }
      },
      "Pyroscope.OpenTelemetry": {
        "type": "Direct",
        "requested": "[0.2.0, )",
        "resolved": "0.2.0",
        "contentHash": "l7TjHhJ/+oqO4S1kn61fz3slcl04gmRDaCkE2vP4zkinKOzny5JklFKQlG4NP9ikS1But2ttndVBHBUll3rinA==",
        "dependencies": {
          "OpenTelemetry": "1.8.0",
          "Pyroscope": "0.8.14"
        }
      },
      "Scalar.AspNetCore": {
        "type": "Direct",
        "requested": "[1.2.45, )",
        "resolved": "1.2.45",
        "contentHash": "jCOjv8qeT1dWo2lcOVMIFrKLN9t5KVKfk8c9gIaIVKHrwP1Bw2MesrNFUt44oed/r2dfy5ZVf9jIVU0rUc/65Q=="
      },
      "Serilog.AspNetCore": {
        "type": "Direct",
        "requested": "[8.0.3, )",
        "resolved": "8.0.3",
        "contentHash": "Y5at41mc0OV982DEJslBKHd6uzcWO6POwR3QceJ6gtpMPxCzm4+FElGPF0RdaTD7MGsP6XXE05LMbSi0NO+sXg==",
        "dependencies": {
          "Microsoft.Extensions.Logging": "8.0.0",
          "Serilog": "3.1.1",
          "Serilog.Extensions.Hosting": "8.0.0",
          "Serilog.Formatting.Compact": "2.0.0",
          "Serilog.Settings.Configuration": "8.0.4",
          "Serilog.Sinks.Console": "5.0.0",
          "Serilog.Sinks.Debug": "2.0.0",
          "Serilog.Sinks.File": "5.0.0"
        }
      },
      "Serilog.Enrichers.Environment": {
        "type": "Direct",
        "requested": "[3.0.1, )",
        "resolved": "3.0.1",
        "contentHash": "9BqCE4C9FF+/rJb/CsQwe7oVf44xqkOvMwX//CUxvUR25lFL4tSS6iuxE5eW07quby1BAyAEP+vM6TWsnT3iqw==",
        "dependencies": {
          "Serilog": "4.0.0"
        }
      },
      "Serilog.Enrichers.Thread": {
        "type": "Direct",
        "requested": "[4.0.0, )",
        "resolved": "4.0.0",
        "contentHash": "C7BK25a1rhUyr+Tp+1BYcVlBJq7M2VCHlIgnwoIUVJcicM9jYcvQK18+OeHiXw7uLPSjqWxJIp1EfaZ/RGmEwA==",
        "dependencies": {
          "Serilog": "4.0.0"
        }
      },
      "Serilog.Sinks.Async": {
        "type": "Direct",
        "requested": "[2.1.0, )",
        "resolved": "2.1.0",
        "contentHash": "SnmRknWsSMgyo9wDXeZZCqSp48kkQYy44taSM6vcpxfiRICzSf09oLKEmVr0RCwQnfd8mJQ2WNN6nvhqf0RowQ==",
        "dependencies": {
          "Serilog": "4.1.0"
        }
      },
      "Serilog.Sinks.OpenTelemetry": {
        "type": "Direct",
        "requested": "[4.1.1, )",
        "resolved": "4.1.1",
        "contentHash": "1WylKFYPSdWZoOAxCFeOWZ14eo4H4zm79m6UogAlIji4IJX9Da83jnsAi8VKrOTOVYxQ4g6+TQvp1zC3fPJDkA==",
        "dependencies": {
          "Google.Protobuf": "3.26.1",
          "Grpc.Net.Client": "2.62.0",
          "Serilog": "4.0.0"
        }
      },
      "ThisAssembly": {
        "type": "Direct",
        "requested": "[2.0.10, )",
        "resolved": "2.0.10",
        "contentHash": "TYHd88DAhb6IW+PqHWwYIUpml9doLe6mZCGMey3H867GvBWWvGo3xXxU0GoJitypWyTrTWy7TwNwuEDUQg9w4w==",
        "dependencies": {
          "ThisAssembly.AssemblyInfo": "2.0.10",
          "ThisAssembly.Constants": "2.0.10",
          "ThisAssembly.Git": "2.0.10",
          "ThisAssembly.Metadata": "2.0.10",
          "ThisAssembly.Project": "2.0.10",
          "ThisAssembly.Resources": "2.0.10",
          "ThisAssembly.Strings": "2.0.10"
        }
      },
      "WebDav.Client": {
        "type": "Direct",
        "requested": "[2.8.0, )",
        "resolved": "2.8.0",
        "contentHash": "Q/DhQ7qVelCEUqd3fi75SjZEJibjLpvMlCJbR30YWF1fotFCVjyVIv7oIHUWtyXVUhBoYvn1ATgWc7UA7e1/iQ=="
      },
      "Google.Protobuf": {
        "type": "Transitive",
        "resolved": "3.27.0",
        "contentHash": "tEaKpc+SP7I3gYW9AHozESyKkrCg8Xe7huI3Q3iUt5t8Dn29r2k1u8jyrGrD16maj/0UsQBM0MDViWEj0iynOA=="
      },
      "Grpc.AspNetCore.Server": {
        "type": "Transitive",
        "resolved": "2.67.0",
        "contentHash": "CDWB7GLhi4XN2Luw7gDbZQhGaMuMb9yDDwbBc9MMfmXFJvzALEK1hsbBaILzd8uDmX9E5VPMcqQ4mQyHvQ2HmA==",
        "dependencies": {
          "Grpc.Net.Common": "2.67.0"
        }
      },
      "Grpc.AspNetCore.Server.ClientFactory": {
        "type": "Transitive",
        "resolved": "2.67.0",
        "contentHash": "O5qaBd7T8yph5JHikA3lafYqsn+2QPM7Dwk0e/7HniiM4cIHpfdiBX5TSy/+5IIppZ27QeLYFgftK7QsG9uIkQ==",
        "dependencies": {
          "Grpc.AspNetCore.Server": "2.67.0",
          "Grpc.Net.ClientFactory": "2.67.0"
        }
      },
      "Grpc.Core.Api": {
        "type": "Transitive",
        "resolved": "2.67.0",
        "contentHash": "cL1/2f8kc8lsAGNdfCU25deedXVehhLA6GXKLLN4hAWx16XN7BmjYn3gFU+FBpir5yJynvDTHEypr3Tl0j7x/Q=="
      },
      "Grpc.Net.Client": {
        "type": "Transitive",
        "resolved": "2.67.0",
        "contentHash": "ofTjJQfegWkVlk5R4k/LlwpcucpsBzntygd4iAeuKd/eLMkmBWoXN+xcjYJ5IibAahRpIJU461jABZvT6E9dwA==",
        "dependencies": {
          "Grpc.Net.Common": "2.67.0",
          "Microsoft.Extensions.Logging.Abstractions": "6.0.0"
        }
      },
      "Grpc.Net.ClientFactory": {
        "type": "Transitive",
        "resolved": "2.67.0",
        "contentHash": "owkRL6j8ZXvLnn8SsFGCRiWoe/2wGv+u+TASAylzUtGbHLnw7IiFRoeTs0IgpCNTETvlMLVb0gHDiLGo+mJZ6g==",
        "dependencies": {
          "Grpc.Net.Client": "2.67.0",
          "Microsoft.Extensions.Http": "6.0.0"
        }
      },
      "Grpc.Net.Common": {
        "type": "Transitive",
        "resolved": "2.67.0",
        "contentHash": "gazn1cD2Eol0/W5ZJRV4PYbNrxJ9oMs8pGYux5S9E4MymClvl7aqYSmpqgmWAUWvziRqK9K+yt3cjCMfQ3x/5A==",
        "dependencies": {
          "Grpc.Core.Api": "2.67.0"
        }
      },
      "Grpc.Tools": {
        "type": "Transitive",
        "resolved": "2.67.0",
        "contentHash": "AQwGGe1dhCWlO72dTW4XtZBsvE9+mHt5rUpVOPjX9Q6sYZZ0GFyqs+7DjFeulaHKjsOg7Wteob1oq7a++SJWgA=="
      },
      "Microsoft.CSharp": {
        "type": "Transitive",
        "resolved": "4.7.0",
        "contentHash": "pTj+D3uJWyN3My70i2Hqo+OXixq3Os2D1nJ2x92FFo6sk8fYS1m1WLNTs0Dc1uPaViH0YvEEwvzddQ7y4rhXmA=="
      },
      "Microsoft.Extensions.Configuration": {
        "type": "Transitive",
        "resolved": "9.0.0",
        "contentHash": "YIMO9T3JL8MeEXgVozKt2v79hquo/EFtnY0vgxmLnUvk1Rei/halI7kOWZL2RBeV9FMGzgM9LZA8CVaNwFMaNA==",
        "dependencies": {
          "Microsoft.Extensions.Configuration.Abstractions": "9.0.0",
          "Microsoft.Extensions.Primitives": "9.0.0"
        }
      },
      "Microsoft.Extensions.Configuration.Abstractions": {
        "type": "Transitive",
        "resolved": "9.0.0",
        "contentHash": "lqvd7W3FGKUO1+ZoUEMaZ5XDJeWvjpy2/M/ptCGz3tXLD4HWVaSzjufsAsjemasBEg+2SxXVtYVvGt5r2nKDlg==",
        "dependencies": {
          "Microsoft.Extensions.Primitives": "9.0.0"
        }
      },
      "Microsoft.Extensions.Configuration.Binder": {
        "type": "Transitive",
        "resolved": "9.0.0",
        "contentHash": "RiScL99DcyngY9zJA2ROrri7Br8tn5N4hP4YNvGdTN/bvg1A3dwvDOxHnNZ3Im7x2SJ5i4LkX1uPiR/MfSFBLQ==",
        "dependencies": {
          "Microsoft.Extensions.Configuration.Abstractions": "9.0.0"
        }
      },
      "Microsoft.Extensions.DependencyInjection": {
        "type": "Transitive",
        "resolved": "9.0.0",
        "contentHash": "MCPrg7v3QgNMr0vX4vzRXvkNGgLg8vKWX0nKCWUxu2uPyMsaRgiRc1tHBnbTcfJMhMKj2slE/j2M9oGkd25DNw==",
        "dependencies": {
          "Microsoft.Extensions.DependencyInjection.Abstractions": "9.0.0"
        }
      },
      "Microsoft.Extensions.DependencyInjection.Abstractions": {
        "type": "Transitive",
        "resolved": "9.0.0",
        "contentHash": "+6f2qv2a3dLwd5w6JanPIPs47CxRbnk+ZocMJUhv9NxP88VlOcJYZs9jY+MYSjxvady08bUZn6qgiNh7DadGgg=="
      },
      "Microsoft.Extensions.DependencyModel": {
        "type": "Transitive",
        "resolved": "8.0.2",
        "contentHash": "mUBDZZRgZrSyFOsJ2qJJ9fXfqd/kXJwf3AiDoqLD9m6TjY5OO/vLNOb9fb4juC0487eq4hcGN/M2Rh/CKS7QYw=="
      },
      "Microsoft.Extensions.Diagnostics.Abstractions": {
        "type": "Transitive",
        "resolved": "9.0.0",
        "contentHash": "1K8P7XzuzX8W8pmXcZjcrqS6x5eSSdvhQohmcpgiQNY/HlDAlnrhR9dvlURfFz428A+RTCJpUyB+aKTA6AgVcQ==",
        "dependencies": {
          "Microsoft.Extensions.DependencyInjection.Abstractions": "9.0.0",
          "Microsoft.Extensions.Options": "9.0.0"
        }
      },
      "Microsoft.Extensions.FileProviders.Abstractions": {
        "type": "Transitive",
        "resolved": "9.0.0",
        "contentHash": "uK439QzYR0q2emLVtYzwyK3x+T5bTY4yWsd/k/ZUS9LR6Sflp8MIdhGXW8kQCd86dQD4tLqvcbLkku8qHY263Q==",
        "dependencies": {
          "Microsoft.Extensions.Primitives": "9.0.0"
        }
      },
      "Microsoft.Extensions.Hosting.Abstractions": {
        "type": "Transitive",
        "resolved": "9.0.0",
        "contentHash": "yUKJgu81ExjvqbNWqZKshBbLntZMbMVz/P7Way2SBx7bMqA08Mfdc9O7hWDKAiSp+zPUGT6LKcSCQIPeDK+CCw==",
        "dependencies": {
          "Microsoft.Extensions.Configuration.Abstractions": "9.0.0",
          "Microsoft.Extensions.DependencyInjection.Abstractions": "9.0.0",
          "Microsoft.Extensions.Diagnostics.Abstractions": "9.0.0",
          "Microsoft.Extensions.FileProviders.Abstractions": "9.0.0",
          "Microsoft.Extensions.Logging.Abstractions": "9.0.0"
        }
      },
      "Microsoft.Extensions.Http": {
        "type": "Transitive",
        "resolved": "6.0.0",
        "contentHash": "15+pa2G0bAMHbHewaQIdr/y6ag2H3yh4rd9hTXavtWDzQBkvpe2RMqFg8BxDpcQWssmjmBApGPcw93QRz6YcMg==",
        "dependencies": {
          "Microsoft.Extensions.DependencyInjection.Abstractions": "6.0.0",
          "Microsoft.Extensions.Logging": "6.0.0",
          "Microsoft.Extensions.Logging.Abstractions": "6.0.0",
          "Microsoft.Extensions.Options": "6.0.0"
        }
      },
      "Microsoft.Extensions.Logging": {
        "type": "Transitive",
        "resolved": "9.0.0",
        "contentHash": "crjWyORoug0kK7RSNJBTeSE6VX8IQgLf3nUpTB9m62bPXp/tzbnOsnbe8TXEG0AASNaKZddnpHKw7fET8E++Pg==",
        "dependencies": {
          "Microsoft.Extensions.DependencyInjection": "9.0.0",
          "Microsoft.Extensions.Logging.Abstractions": "9.0.0",
          "Microsoft.Extensions.Options": "9.0.0"
        }
      },
      "Microsoft.Extensions.Logging.Abstractions": {
        "type": "Transitive",
        "resolved": "9.0.0",
        "contentHash": "g0UfujELzlLbHoVG8kPKVBaW470Ewi+jnptGS9KUi6jcb+k2StujtK3m26DFSGGwQ/+bVgZfsWqNzlP6YOejvw==",
        "dependencies": {
          "Microsoft.Extensions.DependencyInjection.Abstractions": "9.0.0"
        }
      },
      "Microsoft.Extensions.Logging.Configuration": {
        "type": "Transitive",
        "resolved": "9.0.0",
        "contentHash": "H05HiqaNmg6GjH34ocYE9Wm1twm3Oz2aXZko8GTwGBzM7op2brpAA8pJ5yyD1OpS1mXUtModBYOlcZ/wXeWsSg==",
        "dependencies": {
          "Microsoft.Extensions.Configuration": "9.0.0",
          "Microsoft.Extensions.Configuration.Abstractions": "9.0.0",
          "Microsoft.Extensions.Configuration.Binder": "9.0.0",
          "Microsoft.Extensions.DependencyInjection.Abstractions": "9.0.0",
          "Microsoft.Extensions.Logging": "9.0.0",
          "Microsoft.Extensions.Logging.Abstractions": "9.0.0",
          "Microsoft.Extensions.Options": "9.0.0",
          "Microsoft.Extensions.Options.ConfigurationExtensions": "9.0.0"
        }
      },
      "Microsoft.Extensions.Options": {
        "type": "Transitive",
        "resolved": "9.0.0",
        "contentHash": "y2146b3jrPI3Q0lokKXdKLpmXqakYbDIPDV6r3M8SqvSf45WwOTzkyfDpxnZXJsJQEpAsAqjUq5Pu8RCJMjubg==",
        "dependencies": {
          "Microsoft.Extensions.DependencyInjection.Abstractions": "9.0.0",
          "Microsoft.Extensions.Primitives": "9.0.0"
        }
      },
      "Microsoft.Extensions.Options.ConfigurationExtensions": {
        "type": "Transitive",
        "resolved": "9.0.0",
        "contentHash": "Ob3FXsXkcSMQmGZi7qP07EQ39kZpSBlTcAZLbJLdI4FIf0Jug8biv2HTavWmnTirchctPlq9bl/26CXtQRguzA==",
        "dependencies": {
          "Microsoft.Extensions.Configuration.Abstractions": "9.0.0",
          "Microsoft.Extensions.Configuration.Binder": "9.0.0",
          "Microsoft.Extensions.DependencyInjection.Abstractions": "9.0.0",
          "Microsoft.Extensions.Options": "9.0.0",
          "Microsoft.Extensions.Primitives": "9.0.0"
        }
      },
      "Microsoft.Extensions.Primitives": {
        "type": "Transitive",
        "resolved": "9.0.0",
        "contentHash": "N3qEBzmLMYiASUlKxxFIISP4AiwuPTHF5uCh+2CWSwwzAJiIYx0kBJsS30cp1nvhSySFAVi30jecD307jV+8Kg=="
      },
      "Microsoft.OpenApi": {
        "type": "Transitive",
        "resolved": "1.6.17",
        "contentHash": "Le+kehlmrlQfuDFUt1zZ2dVwrhFQtKREdKBo+rexOwaCoYP0/qpgT9tLxCsZjsgR5Itk1UKPcbgO+FyaNid/bA=="
      },
      "OpenTelemetry": {
        "type": "Transitive",
        "resolved": "1.10.0",
        "contentHash": "YUWnKsu0qsD7SO45r6a6nm6dAB3kVZ4Qf5DClU9xG+ObKV2beg0VJwX3U85pAaEhE/IBFp1C8Fj7L3F6gNjpeg==",
        "dependencies": {
          "Microsoft.Extensions.Diagnostics.Abstractions": "9.0.0",
          "Microsoft.Extensions.Logging.Configuration": "9.0.0",
          "OpenTelemetry.Api.ProviderBuilderExtensions": "1.10.0"
        }
      },
      "OpenTelemetry.Api": {
        "type": "Transitive",
        "resolved": "1.10.0",
        "contentHash": "HcmxppwGFna1oY8cLX6hZ/nU1dw07UutfOVCltrbVE3RNYwRD7qFdQRtQQAoKZnbXE9yW4QMdtohcLClNFOk8w==",
        "dependencies": {
          "System.Diagnostics.DiagnosticSource": "9.0.0"
        }
      },
      "OpenTelemetry.Api.ProviderBuilderExtensions": {
        "type": "Transitive",
        "resolved": "1.10.0",
        "contentHash": "cu+jYs6WdZjNohM1LriHRBs9JvpuWrdU8/Iz+DRoC0DkfKIlFubsp4lsoiKJm/aCgDBLAyvLmMna3Y3pMM8WpA==",
        "dependencies": {
          "Microsoft.Extensions.DependencyInjection.Abstractions": "9.0.0",
          "OpenTelemetry.Api": "1.10.0"
        }
      },
      "Pyroscope": {
        "type": "Transitive",
        "resolved": "0.8.14",
        "contentHash": "WW7N8rmtMgY8ka70yFKEf6vhzItq4AedD4LjBzPw6Hto9ZgHsvdT/PLeUx0QXq123ywe/PTqEOB3W5mjSFR7MQ=="
      },
      "Serilog": {
        "type": "Transitive",
        "resolved": "4.1.0",
        "contentHash": "u1aZI8HZ62LWlq5dZLFwm6jMax/sUwnWZSw5lkPsCt518cJBxFKoNmc7oSxe5aA5BgSkzy9rzwFGR/i/acnSPw=="
      },
      "Serilog.Extensions.Hosting": {
        "type": "Transitive",
        "resolved": "8.0.0",
        "contentHash": "db0OcbWeSCvYQkHWu6n0v40N4kKaTAXNjlM3BKvcbwvNzYphQFcBR+36eQ/7hMMwOkJvAyLC2a9/jNdUL5NjtQ==",
        "dependencies": {
          "Microsoft.Extensions.DependencyInjection.Abstractions": "8.0.0",
          "Microsoft.Extensions.Hosting.Abstractions": "8.0.0",
          "Microsoft.Extensions.Logging.Abstractions": "8.0.0",
          "Serilog": "3.1.1",
          "Serilog.Extensions.Logging": "8.0.0"
        }
      },
      "Serilog.Extensions.Logging": {
        "type": "Transitive",
        "resolved": "8.0.0",
        "contentHash": "YEAMWu1UnWgf1c1KP85l1SgXGfiVo0Rz6x08pCiPOIBt2Qe18tcZLvdBUuV5o1QHvrs8FAry9wTIhgBRtjIlEg==",
        "dependencies": {
          "Microsoft.Extensions.Logging": "8.0.0",
          "Serilog": "3.1.1"
        }
      },
      "Serilog.Formatting.Compact": {
        "type": "Transitive",
        "resolved": "2.0.0",
        "contentHash": "ob6z3ikzFM3D1xalhFuBIK1IOWf+XrQq+H4KeH4VqBcPpNcmUgZlRQ2h3Q7wvthpdZBBoY86qZOI2LCXNaLlNA==",
        "dependencies": {
          "Serilog": "3.1.0"
        }
      },
      "Serilog.Settings.Configuration": {
        "type": "Transitive",
        "resolved": "8.0.4",
        "contentHash": "pkxvq0umBKK8IKFJc1aV5S/HGRG/NIxJ6FV42KaTPLfDmBOAbBUB1m5gqqlGxzEa1MgDDWtQlWJdHTSxVWNx+Q==",
        "dependencies": {
          "Microsoft.Extensions.Configuration.Binder": "8.0.0",
          "Microsoft.Extensions.DependencyModel": "8.0.2",
          "Serilog": "3.1.1"
        }
      },
      "Serilog.Sinks.Console": {
        "type": "Transitive",
        "resolved": "5.0.0",
        "contentHash": "IZ6bn79k+3SRXOBpwSOClUHikSkp2toGPCZ0teUkscv4dpDg9E2R2xVsNkLmwddE4OpNVO3N0xiYsAH556vN8Q==",
        "dependencies": {
          "Serilog": "3.1.0"
        }
      },
      "Serilog.Sinks.Debug": {
        "type": "Transitive",
        "resolved": "2.0.0",
        "contentHash": "Y6g3OBJ4JzTyyw16fDqtFcQ41qQAydnEvEqmXjhwhgjsnG/FaJ8GUqF5ldsC/bVkK8KYmqrPhDO+tm4dF6xx4A==",
        "dependencies": {
          "Serilog": "2.10.0"
        }
      },
      "Serilog.Sinks.File": {
        "type": "Transitive",
        "resolved": "5.0.0",
        "contentHash": "uwV5hdhWPwUH1szhO8PJpFiahqXmzPzJT/sOijH/kFgUx+cyoDTMM8MHD0adw9+Iem6itoibbUXHYslzXsLEAg==",
        "dependencies": {
          "Serilog": "2.10.0"
        }
      },
      "System.Diagnostics.DiagnosticSource": {
        "type": "Transitive",
        "resolved": "9.0.0",
        "contentHash": "ddppcFpnbohLWdYKr/ZeLZHmmI+DXFgZ3Snq+/E7SwcdW4UnvxmaugkwGywvGVWkHPGCSZjCP+MLzu23AL5SDw=="
      },
      "System.Threading.Tasks.Extensions": {
        "type": "Transitive",
        "resolved": "4.5.4",
        "contentHash": "zteT+G8xuGu6mS+mzDzYXbzS7rd3K6Fjb9RiZlYlJPam2/hU7JCBZBVEcywNuR+oZ1ncTvc/cq0faRr3P01OVg=="
      },
      "ThisAssembly.AssemblyInfo": {
        "type": "Transitive",
        "resolved": "2.0.10",
        "contentHash": "5gdMJTsAqHF4Vxtk9Z1BHmrsXVgAzfhKm4zrZAQpOfwJo/zwGQ1nrZwVdR5nL3InMt3sPVoz8tRd+lPsvbw0IQ==",
        "dependencies": {
          "ThisAssembly.Constants": "2.0.10"
        }
      },
      "ThisAssembly.Constants": {
        "type": "Transitive",
        "resolved": "2.0.10",
        "contentHash": "FQGztsF8h8nI5wX4R25XS/gXTknMsUcKeSDfQ828WTs+gtoXoQsSDDI5ENZQS2SP61hKfSZokPCBzyQhOS7wow==",
        "dependencies": {
          "Microsoft.CSharp": "4.7.0",
          "System.Threading.Tasks.Extensions": "4.5.4"
        }
      },
      "ThisAssembly.Git": {
        "type": "Transitive",
        "resolved": "2.0.10",
        "contentHash": "Wk2Y0ArN6WTFEBGQ9iqfBjKUZCLJVy8ztFJE0Sqgd0dE20KesDVkqtxGmQCZHqz+l8QMXw2lYpzm9R5C4UiB1Q==",
        "dependencies": {
          "ThisAssembly.Constants": "2.0.10"
        }
      },
      "ThisAssembly.Metadata": {
        "type": "Transitive",
        "resolved": "2.0.10",
        "contentHash": "adyVUgz5xq2ChPHOzVYcFl56Pi1yscVNBefiXO05wDn2KhNOUs3HmVN27z+Wo8UYCtAeSxu+PQDivrThmACbyQ==",
        "dependencies": {
          "ThisAssembly.Constants": "2.0.10"
        }
      },
      "ThisAssembly.Project": {
        "type": "Transitive",
        "resolved": "2.0.10",
        "contentHash": "gOwc+1Q9mEByfwmg2XvrXpx8nTwMLgIQynfEnWkFHO+7peHzFVwVXpoYcSzaAxnxboBZGCQ5goMMvPsy0EvWgA==",
        "dependencies": {
          "ThisAssembly.Constants": "2.0.10"
        }
      },
      "ThisAssembly.Resources": {
        "type": "Transitive",
        "resolved": "2.0.10",
        "contentHash": "Z9lG3zqVZ7fsrvlUGglNa7tEFZXoMtH6zaNRE/P9a0pEnBR8JJ6BopJOhbP4plcLKOi1Np4dtn53jYFy8xqb+Q==",
        "dependencies": {
          "Microsoft.CSharp": "4.7.0",
          "System.Threading.Tasks.Extensions": "4.5.4"
        }
      },
      "ThisAssembly.Strings": {
        "type": "Transitive",
        "resolved": "2.0.10",
        "contentHash": "GpO8chJzkWWl27Ad8ssa9lojbcnMJcq4FVyKRvfXbijxRonyFOReZhRGfYftJ/QD3lGOCimo6B/I5ELjsdIZbQ==",
        "dependencies": {
          "Microsoft.CSharp": "4.7.0",
          "System.Threading.Tasks.Extensions": "4.5.4"
        }
      }
    }
  }
}